
Microsoft Visual Studio Solution File, Format Version 12.00
# Visual Studio Version 16
VisualStudioVersion = 16.0.31911.196
MinimumVisualStudioVersion = 10.0.40219.1
Project("{FAE04EC0-301F-11D3-BF4B-00C04F79EFBC}") = "TexasMiddleSchoolApplication", "WindowsFormsApp1\TexasMiddleSchoolApplication.csproj", "{FFB6EDE7-1E9F-481D-8BDF-E3D2781E8066}"
EndProject
Global
	GlobalSection(SolutionConfigurationPlatforms) = preSolution
		Debug|Any CPU = Debug|Any CPU
		Release|Any CPU = Release|Any CPU
	EndGlobalSection
	GlobalSection(ProjectConfigurationPlatforms) = postSolution
		{FFB6EDE7-1E9F-481D-8BDF-E3D2781E8066}.Debug|Any CPU.ActiveCfg = Debug|Any CPU
		{FFB6EDE7-1E9F-481D-8BDF-E3D2781E8066}.Debug|Any CPU.Build.0 = Debug|Any CPU
		{FFB6EDE7-1E9F-481D-8BDF-E3D2781E8066}.Release|Any CPU.ActiveCfg = Release|Any CPU
		{FFB6EDE7-1E9F-481D-8BDF-E3D2781E8066}.Release|Any CPU.Build.0 = Release|Any CPU
	EndGlobalSection
	GlobalSection(SolutionProperties) = preSolution
		HideSolutionNode = FALSE
	EndGlobalSection
	GlobalSection(ExtensibilityGlobals) = postSolution
		SolutionGuid = {F2AA78C9-2614-425F-B3A5-4C69A4BCBF41}
	EndGlobalSection
EndGlobal
